
Microsoft Visual Studio Solution File, Format Version 12.00
# Visual Studio Version 17
VisualStudioVersion = 17.8.34408.163
MinimumVisualStudioVersion = 10.0.40219.1
Project("{FAE04EC0-301F-11D3-BF4B-00C04F79EFBC}") = "Arithmetic Quiz", "Arithmetic Quiz\Arithmetic Quiz.csproj", "{0B60B7C8-4CC3-4532-A815-2779A33679AB}"
EndProject
Global
	GlobalSection(SolutionConfigurationPlatforms) = preSolution
		Debug|Any CPU = Debug|Any CPU
		Release|Any CPU = Release|Any CPU
	EndGlobalSection
	GlobalSection(ProjectConfigurationPlatforms) = postSolution
		{0B60B7C8-4CC3-4532-A815-2779A33679AB}.Debug|Any CPU.ActiveCfg = Debug|Any CPU
		{0B60B7C8-4CC3-4532-A815-2779A33679AB}.Debug|Any CPU.Build.0 = Debug|Any CPU
		{0B60B7C8-4CC3-4532-A815-2779A33679AB}.Release|Any CPU.ActiveCfg = Release|Any CPU
		{0B60B7C8-4CC3-4532-A815-2779A33679AB}.Release|Any CPU.Build.0 = Release|Any CPU
	EndGlobalSection
	GlobalSection(SolutionProperties) = preSolution
		HideSolutionNode = FALSE
	EndGlobalSection
	GlobalSection(ExtensibilityGlobals) = postSolution
		SolutionGuid = {E69BEF39-B8AE-42CC-A44B-2188897D2A12}
	EndGlobalSection
EndGlobal
